
Microsoft Visual Studio Solution File, Format Version 12.00
# Visual Studio Version 17
VisualStudioVersion = 17.10.35013.160
MinimumVisualStudioVersion = 10.0.40219.1
Project("{FAE04EC0-301F-11D3-BF4B-00C04F79EFBC}") = "Cyber_sphere", "Cyber_sphere\Cyber_sphere.csproj", "{AA142548-A55E-4B58-976C-932E5F05B74B}"
EndProject
Global
	GlobalSection(SolutionConfigurationPlatforms) = preSolution
		Debug|Any CPU = Debug|Any CPU
		Release|Any CPU = Release|Any CPU
	EndGlobalSection
	GlobalSection(ProjectConfigurationPlatforms) = postSolution
		{AA142548-A55E-4B58-976C-932E5F05B74B}.Debug|Any CPU.ActiveCfg = Debug|Any CPU
		{AA142548-A55E-4B58-976C-932E5F05B74B}.Debug|Any CPU.Build.0 = Debug|Any CPU
		{AA142548-A55E-4B58-976C-932E5F05B74B}.Release|Any CPU.ActiveCfg = Release|Any CPU
		{AA142548-A55E-4B58-976C-932E5F05B74B}.Release|Any CPU.Build.0 = Release|Any CPU
	EndGlobalSection
	GlobalSection(SolutionProperties) = preSolution
		HideSolutionNode = FALSE
	EndGlobalSection
	GlobalSection(ExtensibilityGlobals) = postSolution
		SolutionGuid = {3E1AB25F-A849-4EEE-B08D-9D24D189F332}
	EndGlobalSection
EndGlobal
